
Microsoft Visual Studio Solution File, Format Version 12.00
# Visual Studio Version 16
VisualStudioVersion = 16.0.32228.343
MinimumVisualStudioVersion = 10.0.40219.1
Project("{FAE04EC0-301F-11D3-BF4B-00C04F79EFBC}") = "BankAccountApp", "BankAccountApp\BankAccountApp.csproj", "{102080BA-4612-4719-BEDB-A19190674EEB}"
EndProject
Global
	GlobalSection(SolutionConfigurationPlatforms) = preSolution
		Debug|Any CPU = Debug|Any CPU
		Release|Any CPU = Release|Any CPU
	EndGlobalSection
	GlobalSection(ProjectConfigurationPlatforms) = postSolution
		{102080BA-4612-4719-BEDB-A19190674EEB}.Debug|Any CPU.ActiveCfg = Debug|Any CPU
		{102080BA-4612-4719-BEDB-A19190674EEB}.Debug|Any CPU.Build.0 = Debug|Any CPU
		{102080BA-4612-4719-BEDB-A19190674EEB}.Release|Any CPU.ActiveCfg = Release|Any CPU
		{102080BA-4612-4719-BEDB-A19190674EEB}.Release|Any CPU.Build.0 = Release|Any CPU
	EndGlobalSection
	GlobalSection(SolutionProperties) = preSolution
		HideSolutionNode = FALSE
	EndGlobalSection
	GlobalSection(ExtensibilityGlobals) = postSolution
		SolutionGuid = {E5558D91-4C23-483A-AEB4-94BA0F8FC77D}
	EndGlobalSection
EndGlobal
